
Microsoft Visual Studio Solution File, Format Version 12.00
# Visual Studio Version 17
VisualStudioVersion = 17.7.34202.233
MinimumVisualStudioVersion = 10.0.40219.1
Project("{9A19103F-16F7-4668-BE54-9A1E7A4F7556}") = "eventPlannerBack.DAL", "eventPlannerBack.DAL\eventPlannerBack.DAL.csproj", "{8E62C17E-B66B-4D40-AF25-C6E95F850F17}"
EndProject
Project("{9A19103F-16F7-4668-BE54-9A1E7A4F7556}") = "eventPlannerBack.Models", "eventPlannerBack.Models\eventPlannerBack.Models.csproj", "{1484DAA9-38AE-42D2-AAD0-B76FEBBA31BC}"
EndProject
Project("{9A19103F-16F7-4668-BE54-9A1E7A4F7556}") = "eventPlannerBack.BLL", "eventPlannerBack.BLL\eventPlannerBack.BLL.csproj", "{033C2880-1677-4938-86E8-F4262C5E0F6A}"
EndProject
Project("{9A19103F-16F7-4668-BE54-9A1E7A4F7556}") = "eventPlannerBack.API", "eventPlannerBack.API\eventPlannerBack.API.csproj", "{6D8269DC-8CD2-4678-931C-647406072032}"
EndProject

Global
	GlobalSection(SolutionConfigurationPlatforms) = preSolution
		Debug|Any CPU = Debug|Any CPU
		Release|Any CPU = Release|Any CPU
	EndGlobalSection
	GlobalSection(ProjectConfigurationPlatforms) = postSolution
		{8E62C17E-B66B-4D40-AF25-C6E95F850F17}.Debug|Any CPU.ActiveCfg = Debug|Any CPU
		{8E62C17E-B66B-4D40-AF25-C6E95F850F17}.Debug|Any CPU.Build.0 = Debug|Any CPU
		{8E62C17E-B66B-4D40-AF25-C6E95F850F17}.Release|Any CPU.ActiveCfg = Release|Any CPU
		{8E62C17E-B66B-4D40-AF25-C6E95F850F17}.Release|Any CPU.Build.0 = Release|Any CPU
		{1484DAA9-38AE-42D2-AAD0-B76FEBBA31BC}.Debug|Any CPU.ActiveCfg = Debug|Any CPU
		{1484DAA9-38AE-42D2-AAD0-B76FEBBA31BC}.Debug|Any CPU.Build.0 = Debug|Any CPU
		{1484DAA9-38AE-42D2-AAD0-B76FEBBA31BC}.Release|Any CPU.ActiveCfg = Release|Any CPU
		{1484DAA9-38AE-42D2-AAD0-B76FEBBA31BC}.Release|Any CPU.Build.0 = Release|Any CPU
		{033C2880-1677-4938-86E8-F4262C5E0F6A}.Debug|Any CPU.ActiveCfg = Debug|Any CPU
		{033C2880-1677-4938-86E8-F4262C5E0F6A}.Debug|Any CPU.Build.0 = Debug|Any CPU
		{033C2880-1677-4938-86E8-F4262C5E0F6A}.Release|Any CPU.ActiveCfg = Release|Any CPU
		{033C2880-1677-4938-86E8-F4262C5E0F6A}.Release|Any CPU.Build.0 = Release|Any CPU
		{6D8269DC-8CD2-4678-931C-647406072032}.Debug|Any CPU.ActiveCfg = Debug|Any CPU
		{6D8269DC-8CD2-4678-931C-647406072032}.Debug|Any CPU.Build.0 = Debug|Any CPU
		{6D8269DC-8CD2-4678-931C-647406072032}.Release|Any CPU.ActiveCfg = Release|Any CPU
		{6D8269DC-8CD2-4678-931C-647406072032}.Release|Any CPU.Build.0 = Release|Any CPU
	EndGlobalSection
	GlobalSection(SolutionProperties) = preSolution
		HideSolutionNode = FALSE
	EndGlobalSection
	GlobalSection(ExtensibilityGlobals) = postSolution
		SolutionGuid = {D8B7C491-54D0-4611-AD1C-BFEAC23A5FD2}
	EndGlobalSection
EndGlobal
